
Microsoft Visual Studio Solution File, Format Version 12.00
# Visual Studio Version 17
VisualStudioVersion = 17.6.33815.320
MinimumVisualStudioVersion = 10.0.40219.1
Project("{FAE04EC0-301F-11D3-BF4B-00C04F79EFBC}") = "BulkyWeb", "BulkyWeb\BulkyWeb.csproj", "{F7D1BCC9-77D4-4992-9317-F937F78E9DD6}"
EndProject
Global
	GlobalSection(SolutionConfigurationPlatforms) = preSolution
		Debug|Any CPU = Debug|Any CPU
		Release|Any CPU = Release|Any CPU
	EndGlobalSection
	GlobalSection(ProjectConfigurationPlatforms) = postSolution
		{F7D1BCC9-77D4-4992-9317-F937F78E9DD6}.Debug|Any CPU.ActiveCfg = Debug|Any CPU
		{F7D1BCC9-77D4-4992-9317-F937F78E9DD6}.Debug|Any CPU.Build.0 = Debug|Any CPU
		{F7D1BCC9-77D4-4992-9317-F937F78E9DD6}.Release|Any CPU.ActiveCfg = Release|Any CPU
		{F7D1BCC9-77D4-4992-9317-F937F78E9DD6}.Release|Any CPU.Build.0 = Release|Any CPU
	EndGlobalSection
	GlobalSection(SolutionProperties) = preSolution
		HideSolutionNode = FALSE
	EndGlobalSection
	GlobalSection(ExtensibilityGlobals) = postSolution
		SolutionGuid = {1A7400D7-F7A0-4968-AABD-E8371D00C9A0}
	EndGlobalSection
EndGlobal
